
Microsoft Visual Studio Solution File, Format Version 12.00
# Visual Studio 15
VisualStudioVersion = 15.0.28307.438
MinimumVisualStudioVersion = 10.0.40219.1
Project("{9092AA53-FB77-4645-B42D-1CCCA6BD08BD}") = "sort-v", "sort-v\sort-v.njsproj", "{B6AB4EB8-40D5-48EC-81E5-604690AC17FE}"
EndProject
Global
	GlobalSection(SolutionConfigurationPlatforms) = preSolution
		Debug|Any CPU = Debug|Any CPU
		Release|Any CPU = Release|Any CPU
	EndGlobalSection
	GlobalSection(ProjectConfigurationPlatforms) = postSolution
		{B6AB4EB8-40D5-48EC-81E5-604690AC17FE}.Debug|Any CPU.ActiveCfg = Debug|Any CPU
		{B6AB4EB8-40D5-48EC-81E5-604690AC17FE}.Debug|Any CPU.Build.0 = Debug|Any CPU
		{B6AB4EB8-40D5-48EC-81E5-604690AC17FE}.Release|Any CPU.ActiveCfg = Release|Any CPU
		{B6AB4EB8-40D5-48EC-81E5-604690AC17FE}.Release|Any CPU.Build.0 = Release|Any CPU
	EndGlobalSection
	GlobalSection(SolutionProperties) = preSolution
		HideSolutionNode = FALSE
	EndGlobalSection
	GlobalSection(ExtensibilityGlobals) = postSolution
		SolutionGuid = {05ED8D2E-DE44-48B7-889A-908F44C7085E}
	EndGlobalSection
EndGlobal
